
Microsoft Visual Studio Solution File, Format Version 12.00
# Visual Studio Version 17
VisualStudioVersion = 17.5.33424.131
MinimumVisualStudioVersion = 10.0.40219.1
Project("{FAE04EC0-301F-11D3-BF4B-00C04F79EFBC}") = "ConsoleApp14", "ConsoleApp14\ConsoleApp14.csproj", "{2B8E43D3-D5FC-40F3-8EF4-A9104284D174}"
EndProject
Global
	GlobalSection(SolutionConfigurationPlatforms) = preSolution
		Debug|Any CPU = Debug|Any CPU
		Release|Any CPU = Release|Any CPU
	EndGlobalSection
	GlobalSection(ProjectConfigurationPlatforms) = postSolution
		{2B8E43D3-D5FC-40F3-8EF4-A9104284D174}.Debug|Any CPU.ActiveCfg = Debug|Any CPU
		{2B8E43D3-D5FC-40F3-8EF4-A9104284D174}.Debug|Any CPU.Build.0 = Debug|Any CPU
		{2B8E43D3-D5FC-40F3-8EF4-A9104284D174}.Release|Any CPU.ActiveCfg = Release|Any CPU
		{2B8E43D3-D5FC-40F3-8EF4-A9104284D174}.Release|Any CPU.Build.0 = Release|Any CPU
	EndGlobalSection
	GlobalSection(SolutionProperties) = preSolution
		HideSolutionNode = FALSE
	EndGlobalSection
	GlobalSection(ExtensibilityGlobals) = postSolution
		SolutionGuid = {5E0F1978-C05B-4A6C-BB16-A278201E6BAF}
	EndGlobalSection
EndGlobal
